<?xml version="1.0" encoding="utf-8"?>
<Project ToolsVersion="4.0" xmlns="http://schemas.microsoft.com/developer/msbuild/2003">
  <ItemGroup>
    <Filter Include="Source Files">
      <UniqueIdentifier>{4FC737F1-C7A5-4376-A066-2A32D752A2FF}</UniqueIdentifier>
      <Extensions>cpp;c;cxx;def;odl;idl;hpj;bat;asm;asmx</Extensions>
    </Filter>
    <Filter Include="Source Files\lib">
      <UniqueIdentifier>{949608e2-ddd6-4c6e-af36-e8d403dc5caf}</UniqueIdentifier>
    </Filter>
    <Filter Include="Header Files">
      <UniqueIdentifier>{93995380-89BD-4b04-88EB-625FBE52EBFB}</UniqueIdentifier>
      <Extensions>h;hpp;hxx;hm;inl;inc;xsd</Extensions>
    </Filter>
    <Filter Include="Header Files\lib">
      <UniqueIdentifier>{e47e9db7-8b62-4a11-b8bc-340410268918}</UniqueIdentifier>
    </Filter>
    <Filter Include="Resource Files">
      <UniqueIdentifier>{67DA6AB6-F800-4c08-8B7A-83BB121AAD01}</UniqueIdentifier>
      <Extensions>rc;ico;cur;bmp;dlg;rc2;rct;bin;rgs;gif;jpg;jpeg;jpe;resx</Extensions>
    </Filter>
    <Filter Include="Patches">
      <UniqueIdentifier>{64313a82-66b9-4979-80d6-ff03ff05219d}</UniqueIdentifier>
    </Filter>
  </ItemGroup>
  <ItemGroup>
    <ClCompile Include="a2mgr.cpp">
      <Filter>Source Files</Filter>
    </ClCompile>
    <ClCompile Include="add_info.cpp">
      <Filter>Source Files</Filter>
    </ClCompile>
    <ClCompile Include="administrat_fix.cpp">
      <Filter>Source Files</Filter>
    </ClCompile>
    <ClCompile Include="chat.cpp">
      <Filter>Source Files</Filter>
    </ClCompile>
    <ClCompile Include="chat_history.cpp">
      <Filter>Source Files</Filter>
    </ClCompile>
    <ClCompile Include="class_extend.cpp">
      <Filter>Source Files</Filter>
    </ClCompile>
    <ClCompile Include="class_mapobject.cpp">
      <Filter>Source Files</Filter>
    </ClCompile>
    <ClCompile Include="client_cmd.cpp">
      <Filter>Source Files</Filter>
    </ClCompile>
    <ClCompile Include="config.cpp">
      <Filter>Source Files</Filter>
    </ClCompile>
    <ClCompile Include="crash.cpp">
      <Filter>Source Files</Filter>
    </ClCompile>
    <ClCompile Include="CRC_32.cpp">
      <Filter>Source Files</Filter>
    </ClCompile>
    <ClCompile Include="debug.cpp">
      <Filter>Source Files</Filter>
    </ClCompile>
    <ClCompile Include="File.cpp">
      <Filter>Source Files</Filter>
    </ClCompile>
    <ClCompile Include="grid.cpp">
      <Filter>Source Files</Filter>
    </ClCompile>
    <ClCompile Include="gui_bugfix.cpp">
      <Filter>Source Files</Filter>
    </ClCompile>
    <ClCompile Include="gui_replace.cpp">
      <Filter>Source Files</Filter>
    </ClCompile>
    <ClCompile Include="Image.cpp">
      <Filter>Source Files</Filter>
    </ClCompile>
    <ClCompile Include="itempng.cpp">
      <Filter>Source Files</Filter>
    </ClCompile>
    <ClCompile Include="landscape_renderer.cpp">
      <Filter>Source Files</Filter>
    </ClCompile>
    <ClCompile Include="language.cpp">
      <Filter>Source Files</Filter>
    </ClCompile>
    <ClCompile Include="map_location.cpp">
      <Filter>Source Files</Filter>
    </ClCompile>
    <ClCompile Include="misc.cpp">
      <Filter>Source Files</Filter>
    </ClCompile>
    <ClCompile Include="net_shared.cpp">
      <Filter>Source Files</Filter>
    </ClCompile>
    <ClCompile Include="network_crypt.cpp">
      <Filter>Source Files</Filter>
    </ClCompile>
    <ClCompile Include="network_hat_enter.cpp">
      <Filter>Source Files</Filter>
    </ClCompile>
    <ClCompile Include="network_protocol.cpp">
      <Filter>Source Files</Filter>
    </ClCompile>
    <ClCompile Include="network_protocol_ext.cpp">
      <Filter>Source Files</Filter>
    </ClCompile>
    <ClCompile Include="pack_scrolling.cpp">
      <Filter>Source Files</Filter>
    </ClCompile>
    <ClCompile Include="resource_control.cpp">
      <Filter>Source Files</Filter>
    </ClCompile>
    <ClCompile Include="resource_files_replace.cpp">
      <Filter>Source Files</Filter>
    </ClCompile>
    <ClCompile Include="scanrange.cpp">
      <Filter>Source Files</Filter>
    </ClCompile>
    <ClCompile Include="screenshot.cpp">
      <Filter>Source Files</Filter>
    </ClCompile>
    <ClCompile Include="scrolling.cpp">
      <Filter>Source Files</Filter>
    </ClCompile>
    <ClCompile Include="serialize.cpp">
      <Filter>Source Files</Filter>
    </ClCompile>
    <ClCompile Include="utils.cpp">
      <Filter>Source Files</Filter>
    </ClCompile>
    <ClCompile Include="video_init.cpp">
      <Filter>Source Files</Filter>
    </ClCompile>
    <ClCompile Include="zxmgr.cpp">
      <Filter>Source Files</Filter>
    </ClCompile>
    <ClCompile Include="zxmgr_gui.cpp">
      <Filter>Source Files</Filter>
    </ClCompile>
    <ClCompile Include="lib\happyhttp.cpp">
      <Filter>Source Files\lib</Filter>
    </ClCompile>
    <ClCompile Include="lib\hat2.cpp">
      <Filter>Source Files\lib</Filter>
    </ClCompile>
    <ClCompile Include="lib\packet.cpp">
      <Filter>Source Files\lib</Filter>
    </ClCompile>
    <ClCompile Include="lib\ScanrangeCalc.cpp">
      <Filter>Source Files\lib</Filter>
    </ClCompile>
    <ClCompile Include="lib\serialize.cpp">
      <Filter>Source Files\lib</Filter>
    </ClCompile>
    <ClCompile Include="lib\sha1.cpp">
      <Filter>Source Files\lib</Filter>
    </ClCompile>
    <ClCompile Include="lib\socket.cpp">
      <Filter>Source Files\lib</Filter>
    </ClCompile>
    <ClCompile Include="lib\utils.cpp">
      <Filter>Source Files\lib</Filter>
    </ClCompile>
  </ItemGroup>
  <ItemGroup>
    <ClInclude Include="a2mgr.h">
      <Filter>Header Files</Filter>
    </ClInclude>
    <ClInclude Include="class_extend.h">
      <Filter>Header Files</Filter>
    </ClInclude>
    <ClInclude Include="class_mapobject.h">
      <Filter>Header Files</Filter>
    </ClInclude>
    <ClInclude Include="client_cmd.h">
      <Filter>Header Files</Filter>
    </ClInclude>
    <ClInclude Include="config.h">
      <Filter>Header Files</Filter>
    </ClInclude>
    <ClInclude Include="CRC_32.h">
      <Filter>Header Files</Filter>
    </ClInclude>
    <ClInclude Include="debug.h">
      <Filter>Header Files</Filter>
    </ClInclude>
    <ClInclude Include="File.h">
      <Filter>Header Files</Filter>
    </ClInclude>
    <ClInclude Include="gl.h">
      <Filter>Header Files</Filter>
    </ClInclude>
    <ClInclude Include="Image.h">
      <Filter>Header Files</Filter>
    </ClInclude>
    <ClInclude Include="landscape_renderer.h">
      <Filter>Header Files</Filter>
    </ClInclude>
    <ClInclude Include="language.h">
      <Filter>Header Files</Filter>
    </ClInclude>
    <ClInclude Include="net_shared.h">
      <Filter>Header Files</Filter>
    </ClInclude>
    <ClInclude Include="network_crypt.h">
      <Filter>Header Files</Filter>
    </ClInclude>
    <ClInclude Include="network_protocol_ext.h">
      <Filter>Header Files</Filter>
    </ClInclude>
    <ClInclude Include="pack_scrolling.h">
      <Filter>Header Files</Filter>
    </ClInclude>
    <ClInclude Include="serialize.h">
      <Filter>Header Files</Filter>
    </ClInclude>
    <ClInclude Include="stdint.h">
      <Filter>Header Files</Filter>
    </ClInclude>
    <ClInclude Include="utils.h">
      <Filter>Header Files</Filter>
    </ClInclude>
    <ClInclude Include="zxmgr.h">
      <Filter>Header Files</Filter>
    </ClInclude>
    <ClInclude Include="zxmgr_gui.h">
      <Filter>Header Files</Filter>
    </ClInclude>
    <ClInclude Include="lib\happyhttp.h">
      <Filter>Header Files\lib</Filter>
    </ClInclude>
    <ClInclude Include="lib\hat2.hpp">
      <Filter>Header Files\lib</Filter>
    </ClInclude>
    <ClInclude Include="lib\packet.hpp">
      <Filter>Header Files\lib</Filter>
    </ClInclude>
    <ClInclude Include="lib\ScanrangeCalc.hpp">
      <Filter>Header Files\lib</Filter>
    </ClInclude>
    <ClInclude Include="lib\serialize.hpp">
      <Filter>Header Files\lib</Filter>
    </ClInclude>
    <ClInclude Include="lib\sha1.h">
      <Filter>Header Files\lib</Filter>
    </ClInclude>
    <ClInclude Include="lib\socket.hpp">
      <Filter>Header Files\lib</Filter>
    </ClInclude>
    <ClInclude Include="lib\stdint.h">
      <Filter>Header Files\lib</Filter>
    </ClInclude>
    <ClInclude Include="lib\utils.hpp">
      <Filter>Header Files\lib</Filter>
    </ClInclude>
  </ItemGroup>
  <ItemGroup>
    <None Include="a2mgr.def">
      <Filter>Source Files</Filter>
    </None>
    <None Include="postbuild\allods2.mp" />
    <None Include="postbuild\list.txt" />
  </ItemGroup>
</Project>